# Implement 2nd step for mobile lock shortcuts (and NFC)

script:
  front_door_unlock_andrew:
    sequence:
      - service: notify.mobile_app_andrew_phone
        data:
          message: "Confirm Front Door Unlock"
          data:
            persistent: true # Set to true to create a persistent notification
            tag: persistent # Tag is required for the persistent notification
            actions:
              - action: "confirm"
                title: "Confirm"
              - action: "ignore"
                title: "Ignore"

  front_door_unlock_bethany:
    sequence:
      - service: notify.mobile_app_bethany_s_iphone
        data:
          message: "Confirm Front Door Unlock"
          data:
            push:
              category: "confirm"

automation:
  # Lock door after confirmation
  - alias: Door Unlock After Confirmation
    trigger:
      # iOS
      - platform: event
        event_type: ios.notification_action_fired
        event_data:
          actionName: CONFIRM_UNLOCK
      # Android
      - platform: event
        event_type: mobile_app_notification_action 
        event_data:
          action: confirm
    action:
      service: lock.unlock
      entity_id: lock.front_door

  # Trigger script to send notification for intent confirmation
  - alias: iOS Door Unlock Confirmation
    trigger:
      - platform: event
        event_type: ios.action_fired
        event_data:
          actionName: 'Unlock'
    action:
      service: script.front_door_unlock_bethany

  # Lock from iOS home screen action
  - alias: iOS Door Lock
    trigger:
      - platform: event
        event_type: ios.action_fired
        event_data:
          actionName: 'Lock'
    action:
      service: lock.lock
      entity_id: lock.front_door